
Microsoft Visual Studio Solution File, Format Version 12.00
# Visual Studio Version 16
VisualStudioVersion = 16.0.31605.320
MinimumVisualStudioVersion = 10.0.40219.1
Project("{FAE04EC0-301F-11D3-BF4B-00C04F79EFBC}") = "ParallelOnderzoek", "ParallelOnderzoek\ParallelOnderzoek.csproj", "{5CE5EF84-47B3-4968-96F0-8139D7BE8BE4}"
EndProject
Project("{FAE04EC0-301F-11D3-BF4B-00C04F79EFBC}") = "SingleOnderzoek", "SingleOnderzoek\SingleOnderzoek.csproj", "{E3113113-6294-4C23-8D0A-A3537FAC9391}"
EndProject
Global
	GlobalSection(SolutionConfigurationPlatforms) = preSolution
		Debug|Any CPU = Debug|Any CPU
		Release|Any CPU = Release|Any CPU
	EndGlobalSection
	GlobalSection(ProjectConfigurationPlatforms) = postSolution
		{5CE5EF84-47B3-4968-96F0-8139D7BE8BE4}.Debug|Any CPU.ActiveCfg = Debug|Any CPU
		{5CE5EF84-47B3-4968-96F0-8139D7BE8BE4}.Debug|Any CPU.Build.0 = Debug|Any CPU
		{5CE5EF84-47B3-4968-96F0-8139D7BE8BE4}.Release|Any CPU.ActiveCfg = Release|Any CPU
		{5CE5EF84-47B3-4968-96F0-8139D7BE8BE4}.Release|Any CPU.Build.0 = Release|Any CPU
		{E3113113-6294-4C23-8D0A-A3537FAC9391}.Debug|Any CPU.ActiveCfg = Debug|Any CPU
		{E3113113-6294-4C23-8D0A-A3537FAC9391}.Debug|Any CPU.Build.0 = Debug|Any CPU
		{E3113113-6294-4C23-8D0A-A3537FAC9391}.Release|Any CPU.ActiveCfg = Release|Any CPU
		{E3113113-6294-4C23-8D0A-A3537FAC9391}.Release|Any CPU.Build.0 = Release|Any CPU
	EndGlobalSection
	GlobalSection(SolutionProperties) = preSolution
		HideSolutionNode = FALSE
	EndGlobalSection
	GlobalSection(ExtensibilityGlobals) = postSolution
		SolutionGuid = {B79E6344-8FA9-4BCB-AE9F-967E5454FA5D}
	EndGlobalSection
EndGlobal
